Microsoft Visual Studio Solution File, Format Version 12.00
# Visual Studio Version 17
VisualStudioVersion = 17.5.2.0
MinimumVisualStudioVersion = 10.0.40219.1
Project("{2150E333-8FDC-42A3-9474-1A3956D46DE8}") = "src", "src", "{827E0CD3-B72D-47B6-A68D-7590B98EB39B}"
EndProject
Project("{FAE04EC0-301F-11D3-BF4B-00C04F79EFBC}") = "SchedulingManagament.Infra", "src\SchedulingManagament.Infra\SchedulingManagament.Infra.csproj", "{326445A6-CB37-CDBD-C80E-E7435A8B189C}"
EndProject
Project("{FAE04EC0-301F-11D3-BF4B-00C04F79EFBC}") = "SchedulingManagament.Domain", "src\SchedulingManagament.Domain\SchedulingManagament.Domain.csproj", "{87C76D21-1C95-B59C-4CD6-C475A6260719}"
EndProject
Project("{FAE04EC0-301F-11D3-BF4B-00C04F79EFBC}") = "SchedulingManagament.Application", "src\SchedulingManagament.Application\SchedulingManagament.Application.csproj", "{C869B057-A7B4-57D8-FC09-1C0BCA570B70}"
EndProject
Global
	GlobalSection(SolutionConfigurationPlatforms) = preSolution
		Debug|Any CPU = Debug|Any CPU
		Release|Any CPU = Release|Any CPU
	EndGlobalSection
	GlobalSection(ProjectConfigurationPlatforms) = postSolution
		{326445A6-CB37-CDBD-C80E-E7435A8B189C}.Debug|Any CPU.ActiveCfg = Debug|Any CPU
		{326445A6-CB37-CDBD-C80E-E7435A8B189C}.Debug|Any CPU.Build.0 = Debug|Any CPU
		{326445A6-CB37-CDBD-C80E-E7435A8B189C}.Release|Any CPU.ActiveCfg = Release|Any CPU
		{326445A6-CB37-CDBD-C80E-E7435A8B189C}.Release|Any CPU.Build.0 = Release|Any CPU
		{87C76D21-1C95-B59C-4CD6-C475A6260719}.Debug|Any CPU.ActiveCfg = Debug|Any CPU
		{87C76D21-1C95-B59C-4CD6-C475A6260719}.Debug|Any CPU.Build.0 = Debug|Any CPU
		{87C76D21-1C95-B59C-4CD6-C475A6260719}.Release|Any CPU.ActiveCfg = Release|Any CPU
		{87C76D21-1C95-B59C-4CD6-C475A6260719}.Release|Any CPU.Build.0 = Release|Any CPU
		{C869B057-A7B4-57D8-FC09-1C0BCA570B70}.Debug|Any CPU.ActiveCfg = Debug|Any CPU
		{C869B057-A7B4-57D8-FC09-1C0BCA570B70}.Debug|Any CPU.Build.0 = Debug|Any CPU
		{C869B057-A7B4-57D8-FC09-1C0BCA570B70}.Release|Any CPU.ActiveCfg = Release|Any CPU
		{C869B057-A7B4-57D8-FC09-1C0BCA570B70}.Release|Any CPU.Build.0 = Release|Any CPU
	EndGlobalSection
	GlobalSection(SolutionProperties) = preSolution
		HideSolutionNode = FALSE
	EndGlobalSection
	GlobalSection(NestedProjects) = preSolution
		{326445A6-CB37-CDBD-C80E-E7435A8B189C} = {827E0CD3-B72D-47B6-A68D-7590B98EB39B}
		{87C76D21-1C95-B59C-4CD6-C475A6260719} = {827E0CD3-B72D-47B6-A68D-7590B98EB39B}
		{C869B057-A7B4-57D8-FC09-1C0BCA570B70} = {827E0CD3-B72D-47B6-A68D-7590B98EB39B}
	EndGlobalSection
	GlobalSection(ExtensibilityGlobals) = postSolution
		SolutionGuid = {CD8734C2-4B1E-4059-BB82-B05E0211E9CA}
	EndGlobalSection
EndGlobal
